
Microsoft Visual Studio Solution File, Format Version 12.00
# Visual Studio Version 17
VisualStudioVersion = 17.5.33530.505
MinimumVisualStudioVersion = 10.0.40219.1
Project("{FAE04EC0-301F-11D3-BF4B-00C04F79EFBC}") = "AulaAlgoritmoCsharp", "AulaAlgoritmoCsharp\AulaAlgoritmoCsharp.csproj", "{B4371A96-B24F-4C6D-99EE-D8260E4D6609}"
EndProject
Global
	GlobalSection(SolutionConfigurationPlatforms) = preSolution
		Debug|Any CPU = Debug|Any CPU
		Release|Any CPU = Release|Any CPU
	EndGlobalSection
	GlobalSection(ProjectConfigurationPlatforms) = postSolution
		{B4371A96-B24F-4C6D-99EE-D8260E4D6609}.Debug|Any CPU.ActiveCfg = Debug|Any CPU
		{B4371A96-B24F-4C6D-99EE-D8260E4D6609}.Debug|Any CPU.Build.0 = Debug|Any CPU
		{B4371A96-B24F-4C6D-99EE-D8260E4D6609}.Release|Any CPU.ActiveCfg = Release|Any CPU
		{B4371A96-B24F-4C6D-99EE-D8260E4D6609}.Release|Any CPU.Build.0 = Release|Any CPU
	EndGlobalSection
	GlobalSection(SolutionProperties) = preSolution
		HideSolutionNode = FALSE
	EndGlobalSection
	GlobalSection(ExtensibilityGlobals) = postSolution
		SolutionGuid = {2B6A1899-AB9A-46FA-A8DF-547F3C2946B5}
	EndGlobalSection
EndGlobal
