
Microsoft Visual Studio Solution File, Format Version 12.00
# Visual Studio Version 17
VisualStudioVersion = 17.5.33530.505
MinimumVisualStudioVersion = 10.0.40219.1
Project("{FAE04EC0-301F-11D3-BF4B-00C04F79EFBC}") = "AppCalculoMedia", "AppCalculoMedia\AppCalculoMedia.csproj", "{EEECDE49-07B0-4415-9A9C-9335AFB0A09B}"
EndProject
Global
	GlobalSection(SolutionConfigurationPlatforms) = preSolution
		Debug|Any CPU = Debug|Any CPU
		Release|Any CPU = Release|Any CPU
	EndGlobalSection
	GlobalSection(ProjectConfigurationPlatforms) = postSolution
		{EEECDE49-07B0-4415-9A9C-9335AFB0A09B}.Debug|Any CPU.ActiveCfg = Debug|Any CPU
		{EEECDE49-07B0-4415-9A9C-9335AFB0A09B}.Debug|Any CPU.Build.0 = Debug|Any CPU
		{EEECDE49-07B0-4415-9A9C-9335AFB0A09B}.Release|Any CPU.ActiveCfg = Release|Any CPU
		{EEECDE49-07B0-4415-9A9C-9335AFB0A09B}.Release|Any CPU.Build.0 = Release|Any CPU
	EndGlobalSection
	GlobalSection(SolutionProperties) = preSolution
		HideSolutionNode = FALSE
	EndGlobalSection
	GlobalSection(ExtensibilityGlobals) = postSolution
		SolutionGuid = {E5FBD0F8-02F5-43E0-8CD7-B49EE2988E84}
	EndGlobalSection
EndGlobal
