
Microsoft Visual Studio Solution File, Format Version 12.00
# Visual Studio Version 17
VisualStudioVersion = 17.5.33530.505
MinimumVisualStudioVersion = 10.0.40219.1
Project("{FAE04EC0-301F-11D3-BF4B-00C04F79EFBC}") = "Teste", "Teste\Teste.csproj", "{5113BFC1-D83B-4CBC-883E-282E0CA063E8}"
EndProject
Global
	GlobalSection(SolutionConfigurationPlatforms) = preSolution
		Debug|Any CPU = Debug|Any CPU
		Release|Any CPU = Release|Any CPU
	EndGlobalSection
	GlobalSection(ProjectConfigurationPlatforms) = postSolution
		{5113BFC1-D83B-4CBC-883E-282E0CA063E8}.Debug|Any CPU.ActiveCfg = Debug|Any CPU
		{5113BFC1-D83B-4CBC-883E-282E0CA063E8}.Debug|Any CPU.Build.0 = Debug|Any CPU
		{5113BFC1-D83B-4CBC-883E-282E0CA063E8}.Release|Any CPU.ActiveCfg = Release|Any CPU
		{5113BFC1-D83B-4CBC-883E-282E0CA063E8}.Release|Any CPU.Build.0 = Release|Any CPU
	EndGlobalSection
	GlobalSection(SolutionProperties) = preSolution
		HideSolutionNode = FALSE
	EndGlobalSection
	GlobalSection(ExtensibilityGlobals) = postSolution
		SolutionGuid = {4ED7C47F-0554-43D4-B78E-4A920EB16C8A}
	EndGlobalSection
EndGlobal
