
Microsoft Visual Studio Solution File, Format Version 12.00
# Visual Studio Version 17
VisualStudioVersion = 17.5.33530.505
MinimumVisualStudioVersion = 10.0.40219.1
Project("{FAE04EC0-301F-11D3-BF4B-00C04F79EFBC}") = "FmrSistemaBiblioteca", "FmrSistemaBiblioteca\FmrSistemaBiblioteca.csproj", "{DBE411BB-0E1A-4F23-BBE7-84468F17BB6F}"
EndProject
Global
	GlobalSection(SolutionConfigurationPlatforms) = preSolution
		Debug|Any CPU = Debug|Any CPU
		Release|Any CPU = Release|Any CPU
	EndGlobalSection
	GlobalSection(ProjectConfigurationPlatforms) = postSolution
		{DBE411BB-0E1A-4F23-BBE7-84468F17BB6F}.Debug|Any CPU.ActiveCfg = Debug|Any CPU
		{DBE411BB-0E1A-4F23-BBE7-84468F17BB6F}.Debug|Any CPU.Build.0 = Debug|Any CPU
		{DBE411BB-0E1A-4F23-BBE7-84468F17BB6F}.Release|Any CPU.ActiveCfg = Release|Any CPU
		{DBE411BB-0E1A-4F23-BBE7-84468F17BB6F}.Release|Any CPU.Build.0 = Release|Any CPU
	EndGlobalSection
	GlobalSection(SolutionProperties) = preSolution
		HideSolutionNode = FALSE
	EndGlobalSection
	GlobalSection(ExtensibilityGlobals) = postSolution
		SolutionGuid = {53368D36-E11D-420C-A97D-91318223840A}
	EndGlobalSection
EndGlobal
